
Microsoft Visual Studio Solution File, Format Version 12.00
# Visual Studio Version 16
VisualStudioVersion = 16.0.30523.141
MinimumVisualStudioVersion = 10.0.40219.1
Project("{FAE04EC0-301F-11D3-BF4B-00C04F79EFBC}") = "ZombieShooter", "ZombieShooter\ZombieShooter.csproj", "{D8C655DE-FE4B-4E47-AB5A-38849C9F0E95}"
EndProject
Global
	GlobalSection(SolutionConfigurationPlatforms) = preSolution
		Debug|Any CPU = Debug|Any CPU
		Release|Any CPU = Release|Any CPU
	EndGlobalSection
	GlobalSection(ProjectConfigurationPlatforms) = postSolution
		{D8C655DE-FE4B-4E47-AB5A-38849C9F0E95}.Debug|Any CPU.ActiveCfg = Debug|Any CPU
		{D8C655DE-FE4B-4E47-AB5A-38849C9F0E95}.Debug|Any CPU.Build.0 = Debug|Any CPU
		{D8C655DE-FE4B-4E47-AB5A-38849C9F0E95}.Release|Any CPU.ActiveCfg = Release|Any CPU
		{D8C655DE-FE4B-4E47-AB5A-38849C9F0E95}.Release|Any CPU.Build.0 = Release|Any CPU
	EndGlobalSection
	GlobalSection(SolutionProperties) = preSolution
		HideSolutionNode = FALSE
	EndGlobalSection
	GlobalSection(ExtensibilityGlobals) = postSolution
		SolutionGuid = {D2C798EB-5D94-49B7-BB39-9A4FA145E7A5}
	EndGlobalSection
EndGlobal
